<?xml version="1.0" encoding="UTF-8" standalone="yes" ?>
<CodeBlocks_project_file>
	<FileVersion major="1" minor="6" />
	<Project>
		<Option title="redis" />
		<Option makefile_is_custom="1" />
		<Option pch_mode="2" />
		<Option compiler="gcc" />
		<Option extended_obj_names="1" />
		<Build>
			<Target title="Debug">
				<Option output="bin/Debug/.redis" prefix_auto="1" extension_auto="1" />
				<Option object_output="obj/Debug/" />
				<Option type="1" />
				<Option compiler="gcc" />
				<Compiler>
					<Add option="-g" />
				</Compiler>
			</Target>
			<Target title="Release">
				<Option output="bin/Release/.redis" prefix_auto="1" extension_auto="1" />
				<Option object_output="obj/Release/" />
				<Option type="1" />
				<Option compiler="gcc" />
				<Compiler>
					<Add option="-O2" />
				</Compiler>
				<Linker>
					<Add option="-s" />
				</Linker>
			</Target>
		</Build>
		<Compiler>
			<Add option="-Wall" />
		</Compiler>
		<Unit filename="../00-RELEASENOTES" />
		<Unit filename="../BUGS" />
		<Unit filename="../CONTRIBUTING" />
		<Unit filename="../COPYING" />
		<Unit filename="../INSTALL" />
		<Unit filename="../MANIFESTO" />
		<Unit filename="../Makefile" />
		<Unit filename="../README.md" />
		<Unit filename="../README_EN.md" />
		<Unit filename="../TLS.md" />
		<Unit filename="../build.sh" />
		<Unit filename="../deps/Makefile" />
		<Unit filename="../deps/README.md" />
		<Unit filename="../deps/hiredis/CHANGELOG.md" />
		<Unit filename="../deps/hiredis/CMakeLists.txt" />
		<Unit filename="../deps/hiredis/COPYING" />
		<Unit filename="../deps/hiredis/Makefile" />
		<Unit filename="../deps/hiredis/README.md" />
		<Unit filename="../deps/hiredis/adapters/ae.h" />
		<Unit filename="../deps/hiredis/adapters/glib.h" />
		<Unit filename="../deps/hiredis/adapters/ivykis.h" />
		<Unit filename="../deps/hiredis/adapters/libev.h" />
		<Unit filename="../deps/hiredis/adapters/libevent.h" />
		<Unit filename="../deps/hiredis/adapters/libuv.h" />
		<Unit filename="../deps/hiredis/adapters/macosx.h" />
		<Unit filename="../deps/hiredis/adapters/qt.h" />
		<Unit filename="../deps/hiredis/appveyor.yml" />
		<Unit filename="../deps/hiredis/async.c">
			<Option compilerVar="CC" />
		</Unit>
		<Unit filename="../deps/hiredis/async.h" />
		<Unit filename="../deps/hiredis/async_private.h" />
		<Unit filename="../deps/hiredis/dict.c">
			<Option compilerVar="CC" />
		</Unit>
		<Unit filename="../deps/hiredis/dict.h" />
		<Unit filename="../deps/hiredis/examples/CMakeLists.txt" />
		<Unit filename="../deps/hiredis/examples/example-ae.c">
			<Option compilerVar="CC" />
		</Unit>
		<Unit filename="../deps/hiredis/examples/example-glib.c">
			<Option compilerVar="CC" />
		</Unit>
		<Unit filename="../deps/hiredis/examples/example-ivykis.c">
			<Option compilerVar="CC" />
		</Unit>
		<Unit filename="../deps/hiredis/examples/example-libev.c">
			<Option compilerVar="CC" />
		</Unit>
		<Unit filename="../deps/hiredis/examples/example-libevent-ssl.c">
			<Option compilerVar="CC" />
		</Unit>
		<Unit filename="../deps/hiredis/examples/example-libevent.c">
			<Option compilerVar="CC" />
		</Unit>
		<Unit filename="../deps/hiredis/examples/example-libuv.c">
			<Option compilerVar="CC" />
		</Unit>
		<Unit filename="../deps/hiredis/examples/example-macosx.c">
			<Option compilerVar="CC" />
		</Unit>
		<Unit filename="../deps/hiredis/examples/example-qt.cpp" />
		<Unit filename="../deps/hiredis/examples/example-qt.h" />
		<Unit filename="../deps/hiredis/examples/example-ssl.c">
			<Option compilerVar="CC" />
		</Unit>
		<Unit filename="../deps/hiredis/examples/example.c">
			<Option compilerVar="CC" />
		</Unit>
		<Unit filename="../deps/hiredis/fmacros.h" />
		<Unit filename="../deps/hiredis/hiredis.c">
			<Option compilerVar="CC" />
		</Unit>
		<Unit filename="../deps/hiredis/hiredis.h" />
		<Unit filename="../deps/hiredis/hiredis.pc.in" />
		<Unit filename="../deps/hiredis/hiredis_ssl.h" />
		<Unit filename="../deps/hiredis/hiredis_ssl.pc.in" />
		<Unit filename="../deps/hiredis/net.c">
			<Option compilerVar="CC" />
		</Unit>
		<Unit filename="../deps/hiredis/net.h" />
		<Unit filename="../deps/hiredis/read.c">
			<Option compilerVar="CC" />
		</Unit>
		<Unit filename="../deps/hiredis/read.h" />
		<Unit filename="../deps/hiredis/sds.c">
			<Option compilerVar="CC" />
		</Unit>
		<Unit filename="../deps/hiredis/sds.h" />
		<Unit filename="../deps/hiredis/sdsalloc.h" />
		<Unit filename="../deps/hiredis/sockcompat.c">
			<Option compilerVar="CC" />
		</Unit>
		<Unit filename="../deps/hiredis/sockcompat.h" />
		<Unit filename="../deps/hiredis/ssl.c">
			<Option compilerVar="CC" />
		</Unit>
		<Unit filename="../deps/hiredis/test.c">
			<Option compilerVar="CC" />
		</Unit>
		<Unit filename="../deps/hiredis/test.sh" />
		<Unit filename="../deps/hiredis/win32.h" />
		<Unit filename="../deps/jemalloc/COPYING" />
		<Unit filename="../deps/jemalloc/ChangeLog" />
		<Unit filename="../deps/jemalloc/INSTALL.md" />
		<Unit filename="../deps/jemalloc/Makefile.in" />
		<Unit filename="../deps/jemalloc/README" />
		<Unit filename="../deps/jemalloc/TUNING.md" />
		<Unit filename="../deps/jemalloc/VERSION" />
		<Unit filename="../deps/jemalloc/autogen.sh" />
		<Unit filename="../deps/jemalloc/bin/jemalloc-config.in" />
		<Unit filename="../deps/jemalloc/bin/jemalloc.sh.in" />
		<Unit filename="../deps/jemalloc/bin/jeprof.in" />
		<Unit filename="../deps/jemalloc/build-aux/config.guess" />
		<Unit filename="../deps/jemalloc/build-aux/config.sub" />
		<Unit filename="../deps/jemalloc/build-aux/install-sh" />
		<Unit filename="../deps/jemalloc/config.stamp.in" />
		<Unit filename="../deps/jemalloc/configure" />
		<Unit filename="../deps/jemalloc/configure.ac" />
		<Unit filename="../deps/jemalloc/doc/html.xsl.in" />
		<Unit filename="../deps/jemalloc/doc/jemalloc.xml.in" />
		<Unit filename="../deps/jemalloc/doc/manpages.xsl.in" />
		<Unit filename="../deps/jemalloc/doc/stylesheet.xsl" />
		<Unit filename="../deps/jemalloc/include/jemalloc/internal/arena_externs.h" />
		<Unit filename="../deps/jemalloc/include/jemalloc/internal/arena_inlines_a.h" />
		<Unit filename="../deps/jemalloc/include/jemalloc/internal/arena_inlines_b.h" />
		<Unit filename="../deps/jemalloc/include/jemalloc/internal/arena_stats.h" />
		<Unit filename="../deps/jemalloc/include/jemalloc/internal/arena_structs_a.h" />
		<Unit filename="../deps/jemalloc/include/jemalloc/internal/arena_structs_b.h" />
		<Unit filename="../deps/jemalloc/include/jemalloc/internal/arena_types.h" />
		<Unit filename="../deps/jemalloc/include/jemalloc/internal/assert.h" />
		<Unit filename="../deps/jemalloc/include/jemalloc/internal/atomic.h" />
		<Unit filename="../deps/jemalloc/include/jemalloc/internal/atomic_c11.h" />
		<Unit filename="../deps/jemalloc/include/jemalloc/internal/atomic_gcc_atomic.h" />
		<Unit filename="../deps/jemalloc/include/jemalloc/internal/atomic_gcc_sync.h" />
		<Unit filename="../deps/jemalloc/include/jemalloc/internal/atomic_msvc.h" />
		<Unit filename="../deps/jemalloc/include/jemalloc/internal/background_thread_externs.h" />
		<Unit filename="../deps/jemalloc/include/jemalloc/internal/background_thread_inlines.h" />
		<Unit filename="../deps/jemalloc/include/jemalloc/internal/background_thread_structs.h" />
		<Unit filename="../deps/jemalloc/include/jemalloc/internal/base_externs.h" />
		<Unit filename="../deps/jemalloc/include/jemalloc/internal/base_inlines.h" />
		<Unit filename="../deps/jemalloc/include/jemalloc/internal/base_structs.h" />
		<Unit filename="../deps/jemalloc/include/jemalloc/internal/base_types.h" />
		<Unit filename="../deps/jemalloc/include/jemalloc/internal/bin.h" />
		<Unit filename="../deps/jemalloc/include/jemalloc/internal/bin_stats.h" />
		<Unit filename="../deps/jemalloc/include/jemalloc/internal/bit_util.h" />
		<Unit filename="../deps/jemalloc/include/jemalloc/internal/bitmap.h" />
		<Unit filename="../deps/jemalloc/include/jemalloc/internal/cache_bin.h" />
		<Unit filename="../deps/jemalloc/include/jemalloc/internal/ckh.h" />
		<Unit filename="../deps/jemalloc/include/jemalloc/internal/ctl.h" />
		<Unit filename="../deps/jemalloc/include/jemalloc/internal/div.h" />
		<Unit filename="../deps/jemalloc/include/jemalloc/internal/emitter.h" />
		<Unit filename="../deps/jemalloc/include/jemalloc/internal/extent_dss.h" />
		<Unit filename="../deps/jemalloc/include/jemalloc/internal/extent_externs.h" />
		<Unit filename="../deps/jemalloc/include/jemalloc/internal/extent_inlines.h" />
		<Unit filename="../deps/jemalloc/include/jemalloc/internal/extent_mmap.h" />
		<Unit filename="../deps/jemalloc/include/jemalloc/internal/extent_structs.h" />
		<Unit filename="../deps/jemalloc/include/jemalloc/internal/extent_types.h" />
		<Unit filename="../deps/jemalloc/include/jemalloc/internal/hash.h" />
		<Unit filename="../deps/jemalloc/include/jemalloc/internal/hooks.h" />
		<Unit filename="../deps/jemalloc/include/jemalloc/internal/jemalloc_internal_decls.h" />
		<Unit filename="../deps/jemalloc/include/jemalloc/internal/jemalloc_internal_defs.h.in" />
		<Unit filename="../deps/jemalloc/include/jemalloc/internal/jemalloc_internal_externs.h" />
		<Unit filename="../deps/jemalloc/include/jemalloc/internal/jemalloc_internal_includes.h" />
		<Unit filename="../deps/jemalloc/include/jemalloc/internal/jemalloc_internal_inlines_a.h" />
		<Unit filename="../deps/jemalloc/include/jemalloc/internal/jemalloc_internal_inlines_b.h" />
		<Unit filename="../deps/jemalloc/include/jemalloc/internal/jemalloc_internal_inlines_c.h" />
		<Unit filename="../deps/jemalloc/include/jemalloc/internal/jemalloc_internal_macros.h" />
		<Unit filename="../deps/jemalloc/include/jemalloc/internal/jemalloc_internal_types.h" />
		<Unit filename="../deps/jemalloc/include/jemalloc/internal/jemalloc_preamble.h.in" />
		<Unit filename="../deps/jemalloc/include/jemalloc/internal/large_externs.h" />
		<Unit filename="../deps/jemalloc/include/jemalloc/internal/log.h" />
		<Unit filename="../deps/jemalloc/include/jemalloc/internal/malloc_io.h" />
		<Unit filename="../deps/jemalloc/include/jemalloc/internal/mutex.h" />
		<Unit filename="../deps/jemalloc/include/jemalloc/internal/mutex_pool.h" />
		<Unit filename="../deps/jemalloc/include/jemalloc/internal/mutex_prof.h" />
		<Unit filename="../deps/jemalloc/include/jemalloc/internal/nstime.h" />
		<Unit filename="../deps/jemalloc/include/jemalloc/internal/pages.h" />
		<Unit filename="../deps/jemalloc/include/jemalloc/internal/ph.h" />
		<Unit filename="../deps/jemalloc/include/jemalloc/internal/private_namespace.sh" />
		<Unit filename="../deps/jemalloc/include/jemalloc/internal/private_symbols.sh" />
		<Unit filename="../deps/jemalloc/include/jemalloc/internal/prng.h" />
		<Unit filename="../deps/jemalloc/include/jemalloc/internal/prof_externs.h" />
		<Unit filename="../deps/jemalloc/include/jemalloc/internal/prof_inlines_a.h" />
		<Unit filename="../deps/jemalloc/include/jemalloc/internal/prof_inlines_b.h" />
		<Unit filename="../deps/jemalloc/include/jemalloc/internal/prof_structs.h" />
		<Unit filename="../deps/jemalloc/include/jemalloc/internal/prof_types.h" />
		<Unit filename="../deps/jemalloc/include/jemalloc/internal/public_namespace.sh" />
		<Unit filename="../deps/jemalloc/include/jemalloc/internal/public_unnamespace.sh" />
		<Unit filename="../deps/jemalloc/include/jemalloc/internal/ql.h" />
		<Unit filename="../deps/jemalloc/include/jemalloc/internal/qr.h" />
		<Unit filename="../deps/jemalloc/include/jemalloc/internal/rb.h" />
		<Unit filename="../deps/jemalloc/include/jemalloc/internal/rtree.h" />
		<Unit filename="../deps/jemalloc/include/jemalloc/internal/rtree_tsd.h" />
		<Unit filename="../deps/jemalloc/include/jemalloc/internal/size_classes.sh" />
		<Unit filename="../deps/jemalloc/include/jemalloc/internal/smoothstep.h" />
		<Unit filename="../deps/jemalloc/include/jemalloc/internal/smoothstep.sh" />
		<Unit filename="../deps/jemalloc/include/jemalloc/internal/spin.h" />
		<Unit filename="../deps/jemalloc/include/jemalloc/internal/stats.h" />
		<Unit filename="../deps/jemalloc/include/jemalloc/internal/sz.h" />
		<Unit filename="../deps/jemalloc/include/jemalloc/internal/tcache_externs.h" />
		<Unit filename="../deps/jemalloc/include/jemalloc/internal/tcache_inlines.h" />
		<Unit filename="../deps/jemalloc/include/jemalloc/internal/tcache_structs.h" />
		<Unit filename="../deps/jemalloc/include/jemalloc/internal/tcache_types.h" />
		<Unit filename="../deps/jemalloc/include/jemalloc/internal/ticker.h" />
		<Unit filename="../deps/jemalloc/include/jemalloc/internal/tsd.h" />
		<Unit filename="../deps/jemalloc/include/jemalloc/internal/tsd_generic.h" />
		<Unit filename="../deps/jemalloc/include/jemalloc/internal/tsd_malloc_thread_cleanup.h" />
		<Unit filename="../deps/jemalloc/include/jemalloc/internal/tsd_tls.h" />
		<Unit filename="../deps/jemalloc/include/jemalloc/internal/tsd_types.h" />
		<Unit filename="../deps/jemalloc/include/jemalloc/internal/tsd_win.h" />
		<Unit filename="../deps/jemalloc/include/jemalloc/internal/util.h" />
		<Unit filename="../deps/jemalloc/include/jemalloc/internal/witness.h" />
		<Unit filename="../deps/jemalloc/include/jemalloc/jemalloc.sh" />
		<Unit filename="../deps/jemalloc/include/jemalloc/jemalloc_defs.h.in" />
		<Unit filename="../deps/jemalloc/include/jemalloc/jemalloc_macros.h.in" />
		<Unit filename="../deps/jemalloc/include/jemalloc/jemalloc_mangle.sh" />
		<Unit filename="../deps/jemalloc/include/jemalloc/jemalloc_protos.h.in" />
		<Unit filename="../deps/jemalloc/include/jemalloc/jemalloc_rename.sh" />
		<Unit filename="../deps/jemalloc/include/jemalloc/jemalloc_typedefs.h.in" />
		<Unit filename="../deps/jemalloc/include/msvc_compat/C99/stdbool.h" />
		<Unit filename="../deps/jemalloc/include/msvc_compat/C99/stdint.h" />
		<Unit filename="../deps/jemalloc/include/msvc_compat/strings.h" />
		<Unit filename="../deps/jemalloc/include/msvc_compat/windows_extra.h" />
		<Unit filename="../deps/jemalloc/jemalloc.pc.in" />
		<Unit filename="../deps/jemalloc/m4/ax_cxx_compile_stdcxx.m4" />
		<Unit filename="../deps/jemalloc/msvc/ReadMe.txt" />
		<Unit filename="../deps/jemalloc/msvc/jemalloc_vc2015.sln" />
		<Unit filename="../deps/jemalloc/msvc/jemalloc_vc2017.sln" />
		<Unit filename="../deps/jemalloc/msvc/projects/vc2015/jemalloc/jemalloc.vcxproj" />
		<Unit filename="../deps/jemalloc/msvc/projects/vc2015/jemalloc/jemalloc.vcxproj.filters" />
		<Unit filename="../deps/jemalloc/msvc/projects/vc2015/test_threads/test_threads.vcxproj" />
		<Unit filename="../deps/jemalloc/msvc/projects/vc2015/test_threads/test_threads.vcxproj.filters" />
		<Unit filename="../deps/jemalloc/msvc/projects/vc2017/jemalloc/jemalloc.vcxproj" />
		<Unit filename="../deps/jemalloc/msvc/projects/vc2017/jemalloc/jemalloc.vcxproj.filters" />
		<Unit filename="../deps/jemalloc/msvc/projects/vc2017/test_threads/test_threads.vcxproj" />
		<Unit filename="../deps/jemalloc/msvc/projects/vc2017/test_threads/test_threads.vcxproj.filters" />
		<Unit filename="../deps/jemalloc/msvc/test_threads/test_threads.cpp" />
		<Unit filename="../deps/jemalloc/msvc/test_threads/test_threads.h" />
		<Unit filename="../deps/jemalloc/msvc/test_threads/test_threads_main.cpp" />
		<Unit filename="../deps/jemalloc/run_tests.sh" />
		<Unit filename="../deps/jemalloc/scripts/gen_run_tests.py" />
		<Unit filename="../deps/jemalloc/scripts/gen_travis.py" />
		<Unit filename="../deps/jemalloc/src/arena.c">
			<Option compilerVar="CC" />
		</Unit>
		<Unit filename="../deps/jemalloc/src/background_thread.c">
			<Option compilerVar="CC" />
		</Unit>
		<Unit filename="../deps/jemalloc/src/base.c">
			<Option compilerVar="CC" />
		</Unit>
		<Unit filename="../deps/jemalloc/src/bin.c">
			<Option compilerVar="CC" />
		</Unit>
		<Unit filename="../deps/jemalloc/src/bitmap.c">
			<Option compilerVar="CC" />
		</Unit>
		<Unit filename="../deps/jemalloc/src/ckh.c">
			<Option compilerVar="CC" />
		</Unit>
		<Unit filename="../deps/jemalloc/src/ctl.c">
			<Option compilerVar="CC" />
		</Unit>
		<Unit filename="../deps/jemalloc/src/div.c">
			<Option compilerVar="CC" />
		</Unit>
		<Unit filename="../deps/jemalloc/src/extent.c">
			<Option compilerVar="CC" />
		</Unit>
		<Unit filename="../deps/jemalloc/src/extent_dss.c">
			<Option compilerVar="CC" />
		</Unit>
		<Unit filename="../deps/jemalloc/src/extent_mmap.c">
			<Option compilerVar="CC" />
		</Unit>
		<Unit filename="../deps/jemalloc/src/hash.c">
			<Option compilerVar="CC" />
		</Unit>
		<Unit filename="../deps/jemalloc/src/hooks.c">
			<Option compilerVar="CC" />
		</Unit>
		<Unit filename="../deps/jemalloc/src/jemalloc.c">
			<Option compilerVar="CC" />
		</Unit>
		<Unit filename="../deps/jemalloc/src/jemalloc_cpp.cpp" />
		<Unit filename="../deps/jemalloc/src/large.c">
			<Option compilerVar="CC" />
		</Unit>
		<Unit filename="../deps/jemalloc/src/log.c">
			<Option compilerVar="CC" />
		</Unit>
		<Unit filename="../deps/jemalloc/src/malloc_io.c">
			<Option compilerVar="CC" />
		</Unit>
		<Unit filename="../deps/jemalloc/src/mutex.c">
			<Option compilerVar="CC" />
		</Unit>
		<Unit filename="../deps/jemalloc/src/mutex_pool.c">
			<Option compilerVar="CC" />
		</Unit>
		<Unit filename="../deps/jemalloc/src/nstime.c">
			<Option compilerVar="CC" />
		</Unit>
		<Unit filename="../deps/jemalloc/src/pages.c">
			<Option compilerVar="CC" />
		</Unit>
		<Unit filename="../deps/jemalloc/src/prng.c">
			<Option compilerVar="CC" />
		</Unit>
		<Unit filename="../deps/jemalloc/src/prof.c">
			<Option compilerVar="CC" />
		</Unit>
		<Unit filename="../deps/jemalloc/src/rtree.c">
			<Option compilerVar="CC" />
		</Unit>
		<Unit filename="../deps/jemalloc/src/stats.c">
			<Option compilerVar="CC" />
		</Unit>
		<Unit filename="../deps/jemalloc/src/sz.c">
			<Option compilerVar="CC" />
		</Unit>
		<Unit filename="../deps/jemalloc/src/tcache.c">
			<Option compilerVar="CC" />
		</Unit>
		<Unit filename="../deps/jemalloc/src/ticker.c">
			<Option compilerVar="CC" />
		</Unit>
		<Unit filename="../deps/jemalloc/src/tsd.c">
			<Option compilerVar="CC" />
		</Unit>
		<Unit filename="../deps/jemalloc/src/witness.c">
			<Option compilerVar="CC" />
		</Unit>
		<Unit filename="../deps/jemalloc/src/zone.c">
			<Option compilerVar="CC" />
		</Unit>
		<Unit filename="../deps/jemalloc/test/include/test/SFMT-alti.h" />
		<Unit filename="../deps/jemalloc/test/include/test/SFMT-params.h" />
		<Unit filename="../deps/jemalloc/test/include/test/SFMT-params11213.h" />
		<Unit filename="../deps/jemalloc/test/include/test/SFMT-params1279.h" />
		<Unit filename="../deps/jemalloc/test/include/test/SFMT-params132049.h" />
		<Unit filename="../deps/jemalloc/test/include/test/SFMT-params19937.h" />
		<Unit filename="../deps/jemalloc/test/include/test/SFMT-params216091.h" />
		<Unit filename="../deps/jemalloc/test/include/test/SFMT-params2281.h" />
		<Unit filename="../deps/jemalloc/test/include/test/SFMT-params4253.h" />
		<Unit filename="../deps/jemalloc/test/include/test/SFMT-params44497.h" />
		<Unit filename="../deps/jemalloc/test/include/test/SFMT-params607.h" />
		<Unit filename="../deps/jemalloc/test/include/test/SFMT-params86243.h" />
		<Unit filename="../deps/jemalloc/test/include/test/SFMT-sse2.h" />
		<Unit filename="../deps/jemalloc/test/include/test/SFMT.h" />
		<Unit filename="../deps/jemalloc/test/include/test/btalloc.h" />
		<Unit filename="../deps/jemalloc/test/include/test/extent_hooks.h" />
		<Unit filename="../deps/jemalloc/test/include/test/jemalloc_test.h.in" />
		<Unit filename="../deps/jemalloc/test/include/test/jemalloc_test_defs.h.in" />
		<Unit filename="../deps/jemalloc/test/include/test/math.h" />
		<Unit filename="../deps/jemalloc/test/include/test/mq.h" />
		<Unit filename="../deps/jemalloc/test/include/test/mtx.h" />
		<Unit filename="../deps/jemalloc/test/include/test/test.h" />
		<Unit filename="../deps/jemalloc/test/include/test/thd.h" />
		<Unit filename="../deps/jemalloc/test/include/test/timer.h" />
		<Unit filename="../deps/jemalloc/test/integration/MALLOCX_ARENA.c">
			<Option compilerVar="CC" />
		</Unit>
		<Unit filename="../deps/jemalloc/test/integration/aligned_alloc.c">
			<Option compilerVar="CC" />
		</Unit>
		<Unit filename="../deps/jemalloc/test/integration/allocated.c">
			<Option compilerVar="CC" />
		</Unit>
		<Unit filename="../deps/jemalloc/test/integration/cpp/basic.cpp" />
		<Unit filename="../deps/jemalloc/test/integration/extent.c">
			<Option compilerVar="CC" />
		</Unit>
		<Unit filename="../deps/jemalloc/test/integration/extent.sh" />
		<Unit filename="../deps/jemalloc/test/integration/mallocx.c">
			<Option compilerVar="CC" />
		</Unit>
		<Unit filename="../deps/jemalloc/test/integration/mallocx.sh" />
		<Unit filename="../deps/jemalloc/test/integration/overflow.c">
			<Option compilerVar="CC" />
		</Unit>
		<Unit filename="../deps/jemalloc/test/integration/posix_memalign.c">
			<Option compilerVar="CC" />
		</Unit>
		<Unit filename="../deps/jemalloc/test/integration/rallocx.c">
			<Option compilerVar="CC" />
		</Unit>
		<Unit filename="../deps/jemalloc/test/integration/sdallocx.c">
			<Option compilerVar="CC" />
		</Unit>
		<Unit filename="../deps/jemalloc/test/integration/thread_arena.c">
			<Option compilerVar="CC" />
		</Unit>
		<Unit filename="../deps/jemalloc/test/integration/thread_tcache_enabled.c">
			<Option compilerVar="CC" />
		</Unit>
		<Unit filename="../deps/jemalloc/test/integration/xallocx.c">
			<Option compilerVar="CC" />
		</Unit>
		<Unit filename="../deps/jemalloc/test/integration/xallocx.sh" />
		<Unit filename="../deps/jemalloc/test/src/SFMT.c">
			<Option compilerVar="CC" />
		</Unit>
		<Unit filename="../deps/jemalloc/test/src/btalloc.c">
			<Option compilerVar="CC" />
		</Unit>
		<Unit filename="../deps/jemalloc/test/src/btalloc_0.c">
			<Option compilerVar="CC" />
		</Unit>
		<Unit filename="../deps/jemalloc/test/src/btalloc_1.c">
			<Option compilerVar="CC" />
		</Unit>
		<Unit filename="../deps/jemalloc/test/src/math.c">
			<Option compilerVar="CC" />
		</Unit>
		<Unit filename="../deps/jemalloc/test/src/mq.c">
			<Option compilerVar="CC" />
		</Unit>
		<Unit filename="../deps/jemalloc/test/src/mtx.c">
			<Option compilerVar="CC" />
		</Unit>
		<Unit filename="../deps/jemalloc/test/src/test.c">
			<Option compilerVar="CC" />
		</Unit>
		<Unit filename="../deps/jemalloc/test/src/thd.c">
			<Option compilerVar="CC" />
		</Unit>
		<Unit filename="../deps/jemalloc/test/src/timer.c">
			<Option compilerVar="CC" />
		</Unit>
		<Unit filename="../deps/jemalloc/test/stress/microbench.c">
			<Option compilerVar="CC" />
		</Unit>
		<Unit filename="../deps/jemalloc/test/test.sh.in" />
		<Unit filename="../deps/jemalloc/test/unit/SFMT.c">
			<Option compilerVar="CC" />
		</Unit>
		<Unit filename="../deps/jemalloc/test/unit/a0.c">
			<Option compilerVar="CC" />
		</Unit>
		<Unit filename="../deps/jemalloc/test/unit/arena_reset.c">
			<Option compilerVar="CC" />
		</Unit>
		<Unit filename="../deps/jemalloc/test/unit/arena_reset_prof.c">
			<Option compilerVar="CC" />
		</Unit>
		<Unit filename="../deps/jemalloc/test/unit/arena_reset_prof.sh" />
		<Unit filename="../deps/jemalloc/test/unit/atomic.c">
			<Option compilerVar="CC" />
		</Unit>
		<Unit filename="../deps/jemalloc/test/unit/background_thread.c">
			<Option compilerVar="CC" />
		</Unit>
		<Unit filename="../deps/jemalloc/test/unit/background_thread_enable.c">
			<Option compilerVar="CC" />
		</Unit>
		<Unit filename="../deps/jemalloc/test/unit/base.c">
			<Option compilerVar="CC" />
		</Unit>
		<Unit filename="../deps/jemalloc/test/unit/bit_util.c">
			<Option compilerVar="CC" />
		</Unit>
		<Unit filename="../deps/jemalloc/test/unit/bitmap.c">
			<Option compilerVar="CC" />
		</Unit>
		<Unit filename="../deps/jemalloc/test/unit/ckh.c">
			<Option compilerVar="CC" />
		</Unit>
		<Unit filename="../deps/jemalloc/test/unit/decay.c">
			<Option compilerVar="CC" />
		</Unit>
		<Unit filename="../deps/jemalloc/test/unit/decay.sh" />
		<Unit filename="../deps/jemalloc/test/unit/div.c">
			<Option compilerVar="CC" />
		</Unit>
		<Unit filename="../deps/jemalloc/test/unit/emitter.c">
			<Option compilerVar="CC" />
		</Unit>
		<Unit filename="../deps/jemalloc/test/unit/extent_quantize.c">
			<Option compilerVar="CC" />
		</Unit>
		<Unit filename="../deps/jemalloc/test/unit/fork.c">
			<Option compilerVar="CC" />
		</Unit>
		<Unit filename="../deps/jemalloc/test/unit/hash.c">
			<Option compilerVar="CC" />
		</Unit>
		<Unit filename="../deps/jemalloc/test/unit/hooks.c">
			<Option compilerVar="CC" />
		</Unit>
		<Unit filename="../deps/jemalloc/test/unit/junk.c">
			<Option compilerVar="CC" />
		</Unit>
		<Unit filename="../deps/jemalloc/test/unit/junk.sh" />
		<Unit filename="../deps/jemalloc/test/unit/junk_alloc.c">
			<Option compilerVar="CC" />
		</Unit>
		<Unit filename="../deps/jemalloc/test/unit/junk_alloc.sh" />
		<Unit filename="../deps/jemalloc/test/unit/junk_free.c">
			<Option compilerVar="CC" />
		</Unit>
		<Unit filename="../deps/jemalloc/test/unit/junk_free.sh" />
		<Unit filename="../deps/jemalloc/test/unit/log.c">
			<Option compilerVar="CC" />
		</Unit>
		<Unit filename="../deps/jemalloc/test/unit/mallctl.c">
			<Option compilerVar="CC" />
		</Unit>
		<Unit filename="../deps/jemalloc/test/unit/malloc_io.c">
			<Option compilerVar="CC" />
		</Unit>
		<Unit filename="../deps/jemalloc/test/unit/math.c">
			<Option compilerVar="CC" />
		</Unit>
		<Unit filename="../deps/jemalloc/test/unit/mq.c">
			<Option compilerVar="CC" />
		</Unit>
		<Unit filename="../deps/jemalloc/test/unit/mtx.c">
			<Option compilerVar="CC" />
		</Unit>
		<Unit filename="../deps/jemalloc/test/unit/nstime.c">
			<Option compilerVar="CC" />
		</Unit>
		<Unit filename="../deps/jemalloc/test/unit/pack.c">
			<Option compilerVar="CC" />
		</Unit>
		<Unit filename="../deps/jemalloc/test/unit/pack.sh" />
		<Unit filename="../deps/jemalloc/test/unit/pages.c">
			<Option compilerVar="CC" />
		</Unit>
		<Unit filename="../deps/jemalloc/test/unit/ph.c">
			<Option compilerVar="CC" />
		</Unit>
		<Unit filename="../deps/jemalloc/test/unit/prng.c">
			<Option compilerVar="CC" />
		</Unit>
		<Unit filename="../deps/jemalloc/test/unit/prof_accum.c">
			<Option compilerVar="CC" />
		</Unit>
		<Unit filename="../deps/jemalloc/test/unit/prof_accum.sh" />
		<Unit filename="../deps/jemalloc/test/unit/prof_active.c">
			<Option compilerVar="CC" />
		</Unit>
		<Unit filename="../deps/jemalloc/test/unit/prof_active.sh" />
		<Unit filename="../deps/jemalloc/test/unit/prof_gdump.c">
			<Option compilerVar="CC" />
		</Unit>
		<Unit filename="../deps/jemalloc/test/unit/prof_gdump.sh" />
		<Unit filename="../deps/jemalloc/test/unit/prof_idump.c">
			<Option compilerVar="CC" />
		</Unit>
		<Unit filename="../deps/jemalloc/test/unit/prof_idump.sh" />
		<Unit filename="../deps/jemalloc/test/unit/prof_reset.c">
			<Option compilerVar="CC" />
		</Unit>
		<Unit filename="../deps/jemalloc/test/unit/prof_reset.sh" />
		<Unit filename="../deps/jemalloc/test/unit/prof_tctx.c">
			<Option compilerVar="CC" />
		</Unit>
		<Unit filename="../deps/jemalloc/test/unit/prof_tctx.sh" />
		<Unit filename="../deps/jemalloc/test/unit/prof_thread_name.c">
			<Option compilerVar="CC" />
		</Unit>
		<Unit filename="../deps/jemalloc/test/unit/prof_thread_name.sh" />
		<Unit filename="../deps/jemalloc/test/unit/ql.c">
			<Option compilerVar="CC" />
		</Unit>
		<Unit filename="../deps/jemalloc/test/unit/qr.c">
			<Option compilerVar="CC" />
		</Unit>
		<Unit filename="../deps/jemalloc/test/unit/rb.c">
			<Option compilerVar="CC" />
		</Unit>
		<Unit filename="../deps/jemalloc/test/unit/retained.c">
			<Option compilerVar="CC" />
		</Unit>
		<Unit filename="../deps/jemalloc/test/unit/rtree.c">
			<Option compilerVar="CC" />
		</Unit>
		<Unit filename="../deps/jemalloc/test/unit/size_classes.c">
			<Option compilerVar="CC" />
		</Unit>
		<Unit filename="../deps/jemalloc/test/unit/slab.c">
			<Option compilerVar="CC" />
		</Unit>
		<Unit filename="../deps/jemalloc/test/unit/smoothstep.c">
			<Option compilerVar="CC" />
		</Unit>
		<Unit filename="../deps/jemalloc/test/unit/spin.c">
			<Option compilerVar="CC" />
		</Unit>
		<Unit filename="../deps/jemalloc/test/unit/stats.c">
			<Option compilerVar="CC" />
		</Unit>
		<Unit filename="../deps/jemalloc/test/unit/stats_print.c">
			<Option compilerVar="CC" />
		</Unit>
		<Unit filename="../deps/jemalloc/test/unit/ticker.c">
			<Option compilerVar="CC" />
		</Unit>
		<Unit filename="../deps/jemalloc/test/unit/tsd.c">
			<Option compilerVar="CC" />
		</Unit>
		<Unit filename="../deps/jemalloc/test/unit/witness.c">
			<Option compilerVar="CC" />
		</Unit>
		<Unit filename="../deps/jemalloc/test/unit/zero.c">
			<Option compilerVar="CC" />
		</Unit>
		<Unit filename="../deps/jemalloc/test/unit/zero.sh" />
		<Unit filename="../deps/linenoise/Makefile" />
		<Unit filename="../deps/linenoise/README.markdown" />
		<Unit filename="../deps/linenoise/example.c">
			<Option compilerVar="CC" />
		</Unit>
		<Unit filename="../deps/linenoise/linenoise.c">
			<Option compilerVar="CC" />
		</Unit>
		<Unit filename="../deps/linenoise/linenoise.h" />
		<Unit filename="../deps/lua/COPYRIGHT" />
		<Unit filename="../deps/lua/HISTORY" />
		<Unit filename="../deps/lua/INSTALL" />
		<Unit filename="../deps/lua/Makefile" />
		<Unit filename="../deps/lua/README" />
		<Unit filename="../deps/lua/doc/contents.html" />
		<Unit filename="../deps/lua/doc/cover.png" />
		<Unit filename="../deps/lua/doc/logo.gif" />
		<Unit filename="../deps/lua/doc/lua.1" />
		<Unit filename="../deps/lua/doc/lua.css" />
		<Unit filename="../deps/lua/doc/lua.html" />
		<Unit filename="../deps/lua/doc/luac.1" />
		<Unit filename="../deps/lua/doc/luac.html" />
		<Unit filename="../deps/lua/doc/manual.css" />
		<Unit filename="../deps/lua/doc/manual.html" />
		<Unit filename="../deps/lua/doc/readme.html" />
		<Unit filename="../deps/lua/etc/Makefile" />
		<Unit filename="../deps/lua/etc/README" />
		<Unit filename="../deps/lua/etc/all.c">
			<Option compilerVar="CC" />
		</Unit>
		<Unit filename="../deps/lua/etc/lua.hpp" />
		<Unit filename="../deps/lua/etc/lua.ico" />
		<Unit filename="../deps/lua/etc/lua.pc" />
		<Unit filename="../deps/lua/etc/luavs.bat" />
		<Unit filename="../deps/lua/etc/min.c">
			<Option compilerVar="CC" />
		</Unit>
		<Unit filename="../deps/lua/etc/noparser.c">
			<Option compilerVar="CC" />
		</Unit>
		<Unit filename="../deps/lua/etc/strict.lua" />
		<Unit filename="../deps/lua/src/Makefile" />
		<Unit filename="../deps/lua/src/fpconv.c">
			<Option compilerVar="CC" />
		</Unit>
		<Unit filename="../deps/lua/src/fpconv.h" />
		<Unit filename="../deps/lua/src/lapi.c">
			<Option compilerVar="CC" />
		</Unit>
		<Unit filename="../deps/lua/src/lapi.h" />
		<Unit filename="../deps/lua/src/lauxlib.c">
			<Option compilerVar="CC" />
		</Unit>
		<Unit filename="../deps/lua/src/lauxlib.h" />
		<Unit filename="../deps/lua/src/lbaselib.c">
			<Option compilerVar="CC" />
		</Unit>
		<Unit filename="../deps/lua/src/lcode.c">
			<Option compilerVar="CC" />
		</Unit>
		<Unit filename="../deps/lua/src/lcode.h" />
		<Unit filename="../deps/lua/src/ldblib.c">
			<Option compilerVar="CC" />
		</Unit>
		<Unit filename="../deps/lua/src/ldebug.c">
			<Option compilerVar="CC" />
		</Unit>
		<Unit filename="../deps/lua/src/ldebug.h" />
		<Unit filename="../deps/lua/src/ldo.c">
			<Option compilerVar="CC" />
		</Unit>
		<Unit filename="../deps/lua/src/ldo.h" />
		<Unit filename="../deps/lua/src/ldump.c">
			<Option compilerVar="CC" />
		</Unit>
		<Unit filename="../deps/lua/src/lfunc.c">
			<Option compilerVar="CC" />
		</Unit>
		<Unit filename="../deps/lua/src/lfunc.h" />
		<Unit filename="../deps/lua/src/lgc.c">
			<Option compilerVar="CC" />
		</Unit>
		<Unit filename="../deps/lua/src/lgc.h" />
		<Unit filename="../deps/lua/src/linit.c">
			<Option compilerVar="CC" />
		</Unit>
		<Unit filename="../deps/lua/src/liolib.c">
			<Option compilerVar="CC" />
		</Unit>
		<Unit filename="../deps/lua/src/llex.c">
			<Option compilerVar="CC" />
		</Unit>
		<Unit filename="../deps/lua/src/llex.h" />
		<Unit filename="../deps/lua/src/llimits.h" />
		<Unit filename="../deps/lua/src/lmathlib.c">
			<Option compilerVar="CC" />
		</Unit>
		<Unit filename="../deps/lua/src/lmem.c">
			<Option compilerVar="CC" />
		</Unit>
		<Unit filename="../deps/lua/src/lmem.h" />
		<Unit filename="../deps/lua/src/loadlib.c">
			<Option compilerVar="CC" />
		</Unit>
		<Unit filename="../deps/lua/src/lobject.c">
			<Option compilerVar="CC" />
		</Unit>
		<Unit filename="../deps/lua/src/lobject.h" />
		<Unit filename="../deps/lua/src/lopcodes.c">
			<Option compilerVar="CC" />
		</Unit>
		<Unit filename="../deps/lua/src/lopcodes.h" />
		<Unit filename="../deps/lua/src/loslib.c">
			<Option compilerVar="CC" />
		</Unit>
		<Unit filename="../deps/lua/src/lparser.c">
			<Option compilerVar="CC" />
		</Unit>
		<Unit filename="../deps/lua/src/lparser.h" />
		<Unit filename="../deps/lua/src/lstate.c">
			<Option compilerVar="CC" />
		</Unit>
		<Unit filename="../deps/lua/src/lstate.h" />
		<Unit filename="../deps/lua/src/lstring.c">
			<Option compilerVar="CC" />
		</Unit>
		<Unit filename="../deps/lua/src/lstring.h" />
		<Unit filename="../deps/lua/src/lstrlib.c">
			<Option compilerVar="CC" />
		</Unit>
		<Unit filename="../deps/lua/src/ltable.c">
			<Option compilerVar="CC" />
		</Unit>
		<Unit filename="../deps/lua/src/ltable.h" />
		<Unit filename="../deps/lua/src/ltablib.c">
			<Option compilerVar="CC" />
		</Unit>
		<Unit filename="../deps/lua/src/ltm.c">
			<Option compilerVar="CC" />
		</Unit>
		<Unit filename="../deps/lua/src/ltm.h" />
		<Unit filename="../deps/lua/src/lua.c">
			<Option compilerVar="CC" />
		</Unit>
		<Unit filename="../deps/lua/src/lua.h" />
		<Unit filename="../deps/lua/src/lua_bit.c">
			<Option compilerVar="CC" />
		</Unit>
		<Unit filename="../deps/lua/src/lua_cjson.c">
			<Option compilerVar="CC" />
		</Unit>
		<Unit filename="../deps/lua/src/lua_cmsgpack.c">
			<Option compilerVar="CC" />
		</Unit>
		<Unit filename="../deps/lua/src/lua_struct.c">
			<Option compilerVar="CC" />
		</Unit>
		<Unit filename="../deps/lua/src/luac.c">
			<Option compilerVar="CC" />
		</Unit>
		<Unit filename="../deps/lua/src/luaconf.h" />
		<Unit filename="../deps/lua/src/lualib.h" />
		<Unit filename="../deps/lua/src/lundump.c">
			<Option compilerVar="CC" />
		</Unit>
		<Unit filename="../deps/lua/src/lundump.h" />
		<Unit filename="../deps/lua/src/lvm.c">
			<Option compilerVar="CC" />
		</Unit>
		<Unit filename="../deps/lua/src/lvm.h" />
		<Unit filename="../deps/lua/src/lzio.c">
			<Option compilerVar="CC" />
		</Unit>
		<Unit filename="../deps/lua/src/lzio.h" />
		<Unit filename="../deps/lua/src/print.c">
			<Option compilerVar="CC" />
		</Unit>
		<Unit filename="../deps/lua/src/strbuf.c">
			<Option compilerVar="CC" />
		</Unit>
		<Unit filename="../deps/lua/src/strbuf.h" />
		<Unit filename="../deps/lua/test/README" />
		<Unit filename="../deps/lua/test/bisect.lua" />
		<Unit filename="../deps/lua/test/cf.lua" />
		<Unit filename="../deps/lua/test/echo.lua" />
		<Unit filename="../deps/lua/test/env.lua" />
		<Unit filename="../deps/lua/test/factorial.lua" />
		<Unit filename="../deps/lua/test/fib.lua" />
		<Unit filename="../deps/lua/test/fibfor.lua" />
		<Unit filename="../deps/lua/test/globals.lua" />
		<Unit filename="../deps/lua/test/hello.lua" />
		<Unit filename="../deps/lua/test/life.lua" />
		<Unit filename="../deps/lua/test/luac.lua" />
		<Unit filename="../deps/lua/test/printf.lua" />
		<Unit filename="../deps/lua/test/readonly.lua" />
		<Unit filename="../deps/lua/test/sieve.lua" />
		<Unit filename="../deps/lua/test/sort.lua" />
		<Unit filename="../deps/lua/test/table.lua" />
		<Unit filename="../deps/lua/test/trace-calls.lua" />
		<Unit filename="../deps/lua/test/trace-globals.lua" />
		<Unit filename="../deps/lua/test/xd.lua" />
		<Unit filename="../deps/update-jemalloc.sh" />
		<Unit filename="../dump.rdb" />
		<Unit filename="../redis.conf" />
		<Unit filename="../redis.layout" />
		<Unit filename="../release.h" />
		<Unit filename="../runtest" />
		<Unit filename="../runtest-cluster" />
		<Unit filename="../runtest-moduleapi" />
		<Unit filename="../runtest-sentinel" />
		<Unit filename="../sentinel.conf" />
		<Unit filename="../src/Makefile" />
		<Unit filename="../src/acl.c">
			<Option compilerVar="CC" />
		</Unit>
		<Unit filename="../src/adlist.c">
			<Option compilerVar="CC" />
		</Unit>
		<Unit filename="../src/adlist.h" />
		<Unit filename="../src/ae.c">
			<Option compilerVar="CC" />
		</Unit>
		<Unit filename="../src/ae.h" />
		<Unit filename="../src/ae_epoll.c">
			<Option compilerVar="CC" />
		</Unit>
		<Unit filename="../src/ae_evport.c">
			<Option compilerVar="CC" />
		</Unit>
		<Unit filename="../src/ae_kqueue.c">
			<Option compilerVar="CC" />
		</Unit>
		<Unit filename="../src/ae_select.c">
			<Option compilerVar="CC" />
		</Unit>
		<Unit filename="../src/anet.c">
			<Option compilerVar="CC" />
		</Unit>
		<Unit filename="../src/anet.h" />
		<Unit filename="../src/aof.c">
			<Option compilerVar="CC" />
		</Unit>
		<Unit filename="../src/asciilogo.h" />
		<Unit filename="../src/atomicvar.h" />
		<Unit filename="../src/bio.c">
			<Option compilerVar="CC" />
		</Unit>
		<Unit filename="../src/bio.h" />
		<Unit filename="../src/bitops.c">
			<Option compilerVar="CC" />
		</Unit>
		<Unit filename="../src/blocked.c">
			<Option compilerVar="CC" />
		</Unit>
		<Unit filename="../src/childinfo.c">
			<Option compilerVar="CC" />
		</Unit>
		<Unit filename="../src/cluster.c">
			<Option compilerVar="CC" />
		</Unit>
		<Unit filename="../src/cluster.h" />
		<Unit filename="../src/config.c">
			<Option compilerVar="CC" />
		</Unit>
		<Unit filename="../src/config.h" />
		<Unit filename="../src/connection.c">
			<Option compilerVar="CC" />
		</Unit>
		<Unit filename="../src/connection.h" />
		<Unit filename="../src/connhelpers.h" />
		<Unit filename="../src/crc16.c">
			<Option compilerVar="CC" />
		</Unit>
		<Unit filename="../src/crc16_slottable.h" />
		<Unit filename="../src/crc64.c">
			<Option compilerVar="CC" />
		</Unit>
		<Unit filename="../src/crc64.h" />
		<Unit filename="../src/crcspeed.c">
			<Option compilerVar="CC" />
		</Unit>
		<Unit filename="../src/crcspeed.h" />
		<Unit filename="../src/db.c">
			<Option compilerVar="CC" />
		</Unit>
		<Unit filename="../src/debug.c">
			<Option compilerVar="CC" />
		</Unit>
		<Unit filename="../src/debugmacro.h" />
		<Unit filename="../src/defrag.c">
			<Option compilerVar="CC" />
		</Unit>
		<Unit filename="../src/dict.c">
			<Option compilerVar="CC" />
		</Unit>
		<Unit filename="../src/dict.h" />
		<Unit filename="../src/dump.rdb" />
		<Unit filename="../src/endianconv.c">
			<Option compilerVar="CC" />
		</Unit>
		<Unit filename="../src/endianconv.h" />
		<Unit filename="../src/evict.c">
			<Option compilerVar="CC" />
		</Unit>
		<Unit filename="../src/expire.c">
			<Option compilerVar="CC" />
		</Unit>
		<Unit filename="../src/fmacros.h" />
		<Unit filename="../src/geo.c">
			<Option compilerVar="CC" />
		</Unit>
		<Unit filename="../src/geo.h" />
		<Unit filename="../src/geohash.c">
			<Option compilerVar="CC" />
		</Unit>
		<Unit filename="../src/geohash.h" />
		<Unit filename="../src/geohash_helper.c">
			<Option compilerVar="CC" />
		</Unit>
		<Unit filename="../src/geohash_helper.h" />
		<Unit filename="../src/gopher.c">
			<Option compilerVar="CC" />
		</Unit>
		<Unit filename="../src/help.h" />
		<Unit filename="../src/hyperloglog.c">
			<Option compilerVar="CC" />
		</Unit>
		<Unit filename="../src/intset.c">
			<Option compilerVar="CC" />
		</Unit>
		<Unit filename="../src/intset.h" />
		<Unit filename="../src/latency.c">
			<Option compilerVar="CC" />
		</Unit>
		<Unit filename="../src/latency.h" />
		<Unit filename="../src/lazyfree.c">
			<Option compilerVar="CC" />
		</Unit>
		<Unit filename="../src/listpack.c">
			<Option compilerVar="CC" />
		</Unit>
		<Unit filename="../src/listpack.h" />
		<Unit filename="../src/listpack_malloc.h" />
		<Unit filename="../src/localtime.c">
			<Option compilerVar="CC" />
		</Unit>
		<Unit filename="../src/lolwut.c">
			<Option compilerVar="CC" />
		</Unit>
		<Unit filename="../src/lolwut.h" />
		<Unit filename="../src/lolwut5.c">
			<Option compilerVar="CC" />
		</Unit>
		<Unit filename="../src/lolwut6.c">
			<Option compilerVar="CC" />
		</Unit>
		<Unit filename="../src/lzf.h" />
		<Unit filename="../src/lzfP.h" />
		<Unit filename="../src/lzf_c.c">
			<Option compilerVar="CC" />
		</Unit>
		<Unit filename="../src/lzf_d.c">
			<Option compilerVar="CC" />
		</Unit>
		<Unit filename="../src/memtest.c">
			<Option compilerVar="CC" />
		</Unit>
		<Unit filename="../src/mkreleasehdr.sh" />
		<Unit filename="../src/module.c">
			<Option compilerVar="CC" />
		</Unit>
		<Unit filename="../src/modules/Makefile" />
		<Unit filename="../src/modules/gendoc.rb" />
		<Unit filename="../src/modules/helloacl.c">
			<Option compilerVar="CC" />
		</Unit>
		<Unit filename="../src/modules/helloblock.c">
			<Option compilerVar="CC" />
		</Unit>
		<Unit filename="../src/modules/hellocluster.c">
			<Option compilerVar="CC" />
		</Unit>
		<Unit filename="../src/modules/hellodict.c">
			<Option compilerVar="CC" />
		</Unit>
		<Unit filename="../src/modules/hellohook.c">
			<Option compilerVar="CC" />
		</Unit>
		<Unit filename="../src/modules/hellotimer.c">
			<Option compilerVar="CC" />
		</Unit>
		<Unit filename="../src/modules/hellotype.c">
			<Option compilerVar="CC" />
		</Unit>
		<Unit filename="../src/modules/helloworld.c">
			<Option compilerVar="CC" />
		</Unit>
		<Unit filename="../src/modules/testmodule.c">
			<Option compilerVar="CC" />
		</Unit>
		<Unit filename="../src/multi.c">
			<Option compilerVar="CC" />
		</Unit>
		<Unit filename="../src/networking.c">
			<Option compilerVar="CC" />
		</Unit>
		<Unit filename="../src/notify.c">
			<Option compilerVar="CC" />
		</Unit>
		<Unit filename="../src/object.c">
			<Option compilerVar="CC" />
		</Unit>
		<Unit filename="../src/pqsort.c">
			<Option compilerVar="CC" />
		</Unit>
		<Unit filename="../src/pqsort.h" />
		<Unit filename="../src/pubsub.c">
			<Option compilerVar="CC" />
		</Unit>
		<Unit filename="../src/quicklist.c">
			<Option compilerVar="CC" />
		</Unit>
		<Unit filename="../src/quicklist.h" />
		<Unit filename="../src/rand.c">
			<Option compilerVar="CC" />
		</Unit>
		<Unit filename="../src/rand.h" />
		<Unit filename="../src/rax.c">
			<Option compilerVar="CC" />
		</Unit>
		<Unit filename="../src/rax.h" />
		<Unit filename="../src/rax_malloc.h" />
		<Unit filename="../src/rdb.c">
			<Option compilerVar="CC" />
		</Unit>
		<Unit filename="../src/rdb.h" />
		<Unit filename="../src/redis-benchmark.c">
			<Option compilerVar="CC" />
		</Unit>
		<Unit filename="../src/redis-check-aof.c">
			<Option compilerVar="CC" />
		</Unit>
		<Unit filename="../src/redis-check-rdb.c">
			<Option compilerVar="CC" />
		</Unit>
		<Unit filename="../src/redis-cli.c">
			<Option compilerVar="CC" />
		</Unit>
		<Unit filename="../src/redis-trib.rb" />
		<Unit filename="../src/redisassert.h" />
		<Unit filename="../src/redismodule.h" />
		<Unit filename="../src/release.c">
			<Option compilerVar="CC" />
		</Unit>
		<Unit filename="../src/release.h" />
		<Unit filename="../src/replication.c">
			<Option compilerVar="CC" />
		</Unit>
		<Unit filename="../src/rio.c">
			<Option compilerVar="CC" />
		</Unit>
		<Unit filename="../src/rio.h" />
		<Unit filename="../src/scripting.c">
			<Option compilerVar="CC" />
		</Unit>
		<Unit filename="../src/sds.c">
			<Option compilerVar="CC" />
		</Unit>
		<Unit filename="../src/sds.h" />
		<Unit filename="../src/sdsalloc.h" />
		<Unit filename="../src/sentinel.c">
			<Option compilerVar="CC" />
		</Unit>
		<Unit filename="../src/server.c">
			<Option compilerVar="CC" />
		</Unit>
		<Unit filename="../src/server.h" />
		<Unit filename="../src/setcpuaffinity.c">
			<Option compilerVar="CC" />
		</Unit>
		<Unit filename="../src/setproctitle.c">
			<Option compilerVar="CC" />
		</Unit>
		<Unit filename="../src/sha1.c">
			<Option compilerVar="CC" />
		</Unit>
		<Unit filename="../src/sha1.h" />
		<Unit filename="../src/sha256.c">
			<Option compilerVar="CC" />
		</Unit>
		<Unit filename="../src/sha256.h" />
		<Unit filename="../src/siphash.c">
			<Option compilerVar="CC" />
		</Unit>
		<Unit filename="../src/slowlog.c">
			<Option compilerVar="CC" />
		</Unit>
		<Unit filename="../src/slowlog.h" />
		<Unit filename="../src/solarisfixes.h" />
		<Unit filename="../src/sort.c">
			<Option compilerVar="CC" />
		</Unit>
		<Unit filename="../src/sparkline.c">
			<Option compilerVar="CC" />
		</Unit>
		<Unit filename="../src/sparkline.h" />
		<Unit filename="../src/stream.h" />
		<Unit filename="../src/syncio.c">
			<Option compilerVar="CC" />
		</Unit>
		<Unit filename="../src/t_hash.c">
			<Option compilerVar="CC" />
		</Unit>
		<Unit filename="../src/t_list.c">
			<Option compilerVar="CC" />
		</Unit>
		<Unit filename="../src/t_set.c">
			<Option compilerVar="CC" />
		</Unit>
		<Unit filename="../src/t_stream.c">
			<Option compilerVar="CC" />
		</Unit>
		<Unit filename="../src/t_string.c">
			<Option compilerVar="CC" />
		</Unit>
		<Unit filename="../src/t_zset.c">
			<Option compilerVar="CC" />
		</Unit>
		<Unit filename="../src/testhelp.h" />
		<Unit filename="../src/timeout.c">
			<Option compilerVar="CC" />
		</Unit>
		<Unit filename="../src/tls.c">
			<Option compilerVar="CC" />
		</Unit>
		<Unit filename="../src/tracking.c">
			<Option compilerVar="CC" />
		</Unit>
		<Unit filename="../src/util.c">
			<Option compilerVar="CC" />
		</Unit>
		<Unit filename="../src/util.h" />
		<Unit filename="../src/valgrind.sup" />
		<Unit filename="../src/version.h" />
		<Unit filename="../src/ziplist.c">
			<Option compilerVar="CC" />
		</Unit>
		<Unit filename="../src/ziplist.h" />
		<Unit filename="../src/zipmap.c">
			<Option compilerVar="CC" />
		</Unit>
		<Unit filename="../src/zipmap.h" />
		<Unit filename="../src/zmalloc.c">
			<Option compilerVar="CC" />
		</Unit>
		<Unit filename="../src/zmalloc.h" />
		<Unit filename="../tests/assets/default.conf" />
		<Unit filename="../tests/assets/encodings.rdb" />
		<Unit filename="../tests/assets/hash-zipmap.rdb" />
		<Unit filename="../tests/cluster/cluster.tcl" />
		<Unit filename="../tests/cluster/run.tcl" />
		<Unit filename="../tests/cluster/tests/00-base.tcl" />
		<Unit filename="../tests/cluster/tests/01-faildet.tcl" />
		<Unit filename="../tests/cluster/tests/02-failover.tcl" />
		<Unit filename="../tests/cluster/tests/03-failover-loop.tcl" />
		<Unit filename="../tests/cluster/tests/04-resharding.tcl" />
		<Unit filename="../tests/cluster/tests/05-slave-selection.tcl" />
		<Unit filename="../tests/cluster/tests/06-slave-stop-cond.tcl" />
		<Unit filename="../tests/cluster/tests/07-replica-migration.tcl" />
		<Unit filename="../tests/cluster/tests/08-update-msg.tcl" />
		<Unit filename="../tests/cluster/tests/09-pubsub.tcl" />
		<Unit filename="../tests/cluster/tests/10-manual-failover.tcl" />
		<Unit filename="../tests/cluster/tests/11-manual-takeover.tcl" />
		<Unit filename="../tests/cluster/tests/12-replica-migration-2.tcl" />
		<Unit filename="../tests/cluster/tests/13-no-failover-option.tcl" />
		<Unit filename="../tests/cluster/tests/14-consistency-check.tcl" />
		<Unit filename="../tests/cluster/tests/15-cluster-slots.tcl" />
		<Unit filename="../tests/cluster/tests/helpers/onlydots.tcl" />
		<Unit filename="../tests/cluster/tests/includes/init-tests.tcl" />
		<Unit filename="../tests/helpers/bg_block_op.tcl" />
		<Unit filename="../tests/helpers/bg_complex_data.tcl" />
		<Unit filename="../tests/helpers/gen_write_load.tcl" />
		<Unit filename="../tests/instances.tcl" />
		<Unit filename="../tests/integration/aof-race.tcl" />
		<Unit filename="../tests/integration/aof.tcl" />
		<Unit filename="../tests/integration/block-repl.tcl" />
		<Unit filename="../tests/integration/convert-zipmap-hash-on-load.tcl" />
		<Unit filename="../tests/integration/logging.tcl" />
		<Unit filename="../tests/integration/psync2-pingoff.tcl" />
		<Unit filename="../tests/integration/psync2-reg.tcl" />
		<Unit filename="../tests/integration/psync2.tcl" />
		<Unit filename="../tests/integration/rdb.tcl" />
		<Unit filename="../tests/integration/redis-cli.tcl" />
		<Unit filename="../tests/integration/replication-2.tcl" />
		<Unit filename="../tests/integration/replication-3.tcl" />
		<Unit filename="../tests/integration/replication-4.tcl" />
		<Unit filename="../tests/integration/replication-psync.tcl" />
		<Unit filename="../tests/integration/replication.tcl" />
		<Unit filename="../tests/modules/Makefile" />
		<Unit filename="../tests/modules/auth.c">
			<Option compilerVar="CC" />
		</Unit>
		<Unit filename="../tests/modules/auth.so" />
		<Unit filename="../tests/modules/blockonkeys.c">
			<Option compilerVar="CC" />
		</Unit>
		<Unit filename="../tests/modules/blockonkeys.so" />
		<Unit filename="../tests/modules/commandfilter.c">
			<Option compilerVar="CC" />
		</Unit>
		<Unit filename="../tests/modules/commandfilter.so" />
		<Unit filename="../tests/modules/datatype.c">
			<Option compilerVar="CC" />
		</Unit>
		<Unit filename="../tests/modules/datatype.so" />
		<Unit filename="../tests/modules/fork.c">
			<Option compilerVar="CC" />
		</Unit>
		<Unit filename="../tests/modules/fork.so" />
		<Unit filename="../tests/modules/hooks.c">
			<Option compilerVar="CC" />
		</Unit>
		<Unit filename="../tests/modules/hooks.so" />
		<Unit filename="../tests/modules/infotest.c">
			<Option compilerVar="CC" />
		</Unit>
		<Unit filename="../tests/modules/infotest.so" />
		<Unit filename="../tests/modules/misc.c">
			<Option compilerVar="CC" />
		</Unit>
		<Unit filename="../tests/modules/misc.so" />
		<Unit filename="../tests/modules/propagate.c">
			<Option compilerVar="CC" />
		</Unit>
		<Unit filename="../tests/modules/propagate.so" />
		<Unit filename="../tests/modules/scan.c">
			<Option compilerVar="CC" />
		</Unit>
		<Unit filename="../tests/modules/scan.so" />
		<Unit filename="../tests/modules/testrdb.c">
			<Option compilerVar="CC" />
		</Unit>
		<Unit filename="../tests/modules/testrdb.so" />
		<Unit filename="../tests/sentinel/run.tcl" />
		<Unit filename="../tests/sentinel/tests/00-base.tcl" />
		<Unit filename="../tests/sentinel/tests/01-conf-update.tcl" />
		<Unit filename="../tests/sentinel/tests/02-slaves-reconf.tcl" />
		<Unit filename="../tests/sentinel/tests/03-runtime-reconf.tcl" />
		<Unit filename="../tests/sentinel/tests/04-slave-selection.tcl" />
		<Unit filename="../tests/sentinel/tests/05-manual.tcl" />
		<Unit filename="../tests/sentinel/tests/06-ckquorum.tcl" />
		<Unit filename="../tests/sentinel/tests/07-down-conditions.tcl" />
		<Unit filename="../tests/sentinel/tests/includes/init-tests.tcl" />
		<Unit filename="../tests/support/cli.tcl" />
		<Unit filename="../tests/support/cluster.tcl" />
		<Unit filename="../tests/support/redis.tcl" />
		<Unit filename="../tests/support/server.tcl" />
		<Unit filename="../tests/support/test.tcl" />
		<Unit filename="../tests/support/tmpfile.tcl" />
		<Unit filename="../tests/support/util.tcl" />
		<Unit filename="../tests/test_helper.tcl" />
		<Unit filename="../tests/tmp/redis.conf.61604.2" />
		<Unit filename="../tests/tmp/redis.conf.61605.2" />
		<Unit filename="../tests/tmp/redis.conf.61606.2" />
		<Unit filename="../tests/tmp/redis.conf.61607.2" />
		<Unit filename="../tests/tmp/redis.conf.61608.2" />
		<Unit filename="../tests/tmp/redis.conf.61609.2" />
		<Unit filename="../tests/tmp/server.61604.1/stderr" />
		<Unit filename="../tests/tmp/server.61604.1/stdout" />
		<Unit filename="../tests/tmp/server.61605.1/stderr" />
		<Unit filename="../tests/tmp/server.61605.1/stdout" />
		<Unit filename="../tests/tmp/server.61606.1/stderr" />
		<Unit filename="../tests/tmp/server.61606.1/stdout" />
		<Unit filename="../tests/tmp/server.61607.1/stderr" />
		<Unit filename="../tests/tmp/server.61607.1/stdout" />
		<Unit filename="../tests/tmp/server.61608.1/stderr" />
		<Unit filename="../tests/tmp/server.61608.1/stdout" />
		<Unit filename="../tests/tmp/server.61609.1/stderr" />
		<Unit filename="../tests/tmp/server.61609.1/stdout" />
		<Unit filename="../tests/unit/acl.tcl" />
		<Unit filename="../tests/unit/aofrw.tcl" />
		<Unit filename="../tests/unit/auth.tcl" />
		<Unit filename="../tests/unit/bitfield.tcl" />
		<Unit filename="../tests/unit/bitops.tcl" />
		<Unit filename="../tests/unit/dump.tcl" />
		<Unit filename="../tests/unit/expire.tcl" />
		<Unit filename="../tests/unit/geo.tcl" />
		<Unit filename="../tests/unit/hyperloglog.tcl" />
		<Unit filename="../tests/unit/introspection-2.tcl" />
		<Unit filename="../tests/unit/introspection.tcl" />
		<Unit filename="../tests/unit/keyspace.tcl" />
		<Unit filename="../tests/unit/latency-monitor.tcl" />
		<Unit filename="../tests/unit/lazyfree.tcl" />
		<Unit filename="../tests/unit/limits.tcl" />
		<Unit filename="../tests/unit/maxmemory.tcl" />
		<Unit filename="../tests/unit/memefficiency.tcl" />
		<Unit filename="../tests/unit/moduleapi/auth.tcl" />
		<Unit filename="../tests/unit/moduleapi/blockonkeys.tcl" />
		<Unit filename="../tests/unit/moduleapi/commandfilter.tcl" />
		<Unit filename="../tests/unit/moduleapi/datatype.tcl" />
		<Unit filename="../tests/unit/moduleapi/fork.tcl" />
		<Unit filename="../tests/unit/moduleapi/hooks.tcl" />
		<Unit filename="../tests/unit/moduleapi/infotest.tcl" />
		<Unit filename="../tests/unit/moduleapi/misc.tcl" />
		<Unit filename="../tests/unit/moduleapi/propagate.tcl" />
		<Unit filename="../tests/unit/moduleapi/scan.tcl" />
		<Unit filename="../tests/unit/moduleapi/testrdb.tcl" />
		<Unit filename="../tests/unit/multi.tcl" />
		<Unit filename="../tests/unit/obuf-limits.tcl" />
		<Unit filename="../tests/unit/other.tcl" />
		<Unit filename="../tests/unit/pendingquerybuf.tcl" />
		<Unit filename="../tests/unit/printver.tcl" />
		<Unit filename="../tests/unit/protocol.tcl" />
		<Unit filename="../tests/unit/pubsub.tcl" />
		<Unit filename="../tests/unit/quit.tcl" />
		<Unit filename="../tests/unit/scan.tcl" />
		<Unit filename="../tests/unit/scripting.tcl" />
		<Unit filename="../tests/unit/slowlog.tcl" />
		<Unit filename="../tests/unit/sort.tcl" />
		<Unit filename="../tests/unit/tls.tcl" />
		<Unit filename="../tests/unit/tracking.tcl" />
		<Unit filename="../tests/unit/type/hash.tcl" />
		<Unit filename="../tests/unit/type/incr.tcl" />
		<Unit filename="../tests/unit/type/list-2.tcl" />
		<Unit filename="../tests/unit/type/list-3.tcl" />
		<Unit filename="../tests/unit/type/list-common.tcl" />
		<Unit filename="../tests/unit/type/list.tcl" />
		<Unit filename="../tests/unit/type/set.tcl" />
		<Unit filename="../tests/unit/type/stream-cgroups.tcl" />
		<Unit filename="../tests/unit/type/stream.tcl" />
		<Unit filename="../tests/unit/type/string.tcl" />
		<Unit filename="../tests/unit/type/zset.tcl" />
		<Unit filename="../tests/unit/wait.tcl" />
		<Unit filename="../utils/build-static-symbols.tcl" />
		<Unit filename="../utils/cluster_fail_time.tcl" />
		<Unit filename="../utils/corrupt_rdb.c">
			<Option compilerVar="CC" />
		</Unit>
		<Unit filename="../utils/create-cluster/README" />
		<Unit filename="../utils/create-cluster/create-cluster" />
		<Unit filename="../utils/gen-test-certs.sh" />
		<Unit filename="../utils/generate-command-help.rb" />
		<Unit filename="../utils/graphs/commits-over-time/README.md" />
		<Unit filename="../utils/graphs/commits-over-time/genhtml.tcl" />
		<Unit filename="../utils/hashtable/README" />
		<Unit filename="../utils/hashtable/rehashing.c">
			<Option compilerVar="CC" />
		</Unit>
		<Unit filename="../utils/hyperloglog/hll-err.rb" />
		<Unit filename="../utils/hyperloglog/hll-gnuplot-graph.rb" />
		<Unit filename="../utils/install_server.sh" />
		<Unit filename="../utils/lru/README" />
		<Unit filename="../utils/lru/lfu-simulation.c">
			<Option compilerVar="CC" />
		</Unit>
		<Unit filename="../utils/lru/test-lru.rb" />
		<Unit filename="../utils/redis-copy.rb" />
		<Unit filename="../utils/redis-sha1.rb" />
		<Unit filename="../utils/redis_init_script" />
		<Unit filename="../utils/redis_init_script.tpl" />
		<Unit filename="../utils/releasetools/01_create_tarball.sh" />
		<Unit filename="../utils/releasetools/02_upload_tarball.sh" />
		<Unit filename="../utils/releasetools/03_test_release.sh" />
		<Unit filename="../utils/releasetools/04_release_hash.sh" />
		<Unit filename="../utils/releasetools/changelog.tcl" />
		<Unit filename="../utils/speed-regression.tcl" />
		<Unit filename="../utils/srandmember/README.md" />
		<Unit filename="../utils/srandmember/showdist.rb" />
		<Unit filename="../utils/srandmember/showfreq.rb" />
		<Unit filename="../utils/systemd-redis_multiple_servers@.service" />
		<Unit filename="../utils/systemd-redis_server.service" />
		<Unit filename="../utils/tracking_collisions.c">
			<Option compilerVar="CC" />
		</Unit>
		<Unit filename="../utils/whatisdoing.sh" />
		<Extensions />
	</Project>
</CodeBlocks_project_file>
